// !$*UTF8*$!
{
	archiveVersion = 1;
	classes = {
	};
	objectVersion = 51;
	objects = {

/* Begin PBXBuildFile section */
		8921FE46268CC0B200BF86D8 /* Extensions.swift in Sources */ = {isa = PBXBuildFile; fileRef = 8921FE45268CC0B200BF86D8 /* Extensions.swift */; };
		892D74E0269B19C400155C53 /* Models.swift in Sources */ = {isa = PBXBuildFile; fileRef = 892D74DF269B19C400155C53 /* Models.swift */; };
		8941CBAB269840DC0075D3C7 /* FormTableViewCell.swift in Sources */ = {isa = PBXBuildFile; fileRef = 8941CBAA269840DC0075D3C7 /* FormTableViewCell.swift */; };
		8945462A2684947300D64E51 /* AppDelegate.swift in Sources */ = {isa = PBXBuildFile; fileRef = 894546292684947300D64E51 /* AppDelegate.swift */; };
		8945462C2684947300D64E51 /* SceneDelegate.swift in Sources */ = {isa = PBXBuildFile; fileRef = 8945462B2684947300D64E51 /* SceneDelegate.swift */; };
		8945462E2684947300D64E51 /* HomeViewController.swift in Sources */ = {isa = PBXBuildFile; fileRef = 8945462D2684947300D64E51 /* HomeViewController.swift */; };
		894546312684947300D64E51 /* Main.storyboard in Resources */ = {isa = PBXBuildFile; fileRef = 8945462F2684947300D64E51 /* Main.storyboard */; };
		894546332684947400D64E51 /* Assets.xcassets in Resources */ = {isa = PBXBuildFile; fileRef = 894546322684947400D64E51 /* Assets.xcassets */; };
		894546362684947400D64E51 /* LaunchScreen.storyboard in Resources */ = {isa = PBXBuildFile; fileRef = 894546342684947400D64E51 /* LaunchScreen.storyboard */; };
		8945464226849DBC00D64E51 /* ExploreViewController.swift in Sources */ = {isa = PBXBuildFile; fileRef = 8945464126849DBC00D64E51 /* ExploreViewController.swift */; };
		8945464426849DCE00D64E51 /* CameraViewController.swift in Sources */ = {isa = PBXBuildFile; fileRef = 8945464326849DCE00D64E51 /* CameraViewController.swift */; };
		8945464626849E0700D64E51 /* NotificationsViewController.swift in Sources */ = {isa = PBXBuildFile; fileRef = 8945464526849E0700D64E51 /* NotificationsViewController.swift */; };
		8945464826849E1700D64E51 /* ProfileViewController.swift in Sources */ = {isa = PBXBuildFile; fileRef = 8945464726849E1700D64E51 /* ProfileViewController.swift */; };
		8945464E26849F2300D64E51 /* LoginViewController.swift in Sources */ = {isa = PBXBuildFile; fileRef = 8945464D26849F2300D64E51 /* LoginViewController.swift */; };
		8945465026849F3A00D64E51 /* RegistirationViewController.swift in Sources */ = {isa = PBXBuildFile; fileRef = 8945464F26849F3A00D64E51 /* RegistirationViewController.swift */; };
		894546522684A60100D64E51 /* PostViewController.swift in Sources */ = {isa = PBXBuildFile; fileRef = 894546512684A60100D64E51 /* PostViewController.swift */; };
		894546542684A6DE00D64E51 /* EditProfileViewController.swift in Sources */ = {isa = PBXBuildFile; fileRef = 894546532684A6DE00D64E51 /* EditProfileViewController.swift */; };
		894546562684A6F500D64E51 /* SettingsViewController.swift in Sources */ = {isa = PBXBuildFile; fileRef = 894546552684A6F500D64E51 /* SettingsViewController.swift */; };
		894546582684A71700D64E51 /* ListViewController.swift in Sources */ = {isa = PBXBuildFile; fileRef = 894546572684A71700D64E51 /* ListViewController.swift */; };
		8945465A2684A73600D64E51 /* SearchViewController.swift in Sources */ = {isa = PBXBuildFile; fileRef = 894546592684A73600D64E51 /* SearchViewController.swift */; };
		8945465C2684A74B00D64E51 /* SearchResultViewController.swift in Sources */ = {isa = PBXBuildFile; fileRef = 8945465B2684A74B00D64E51 /* SearchResultViewController.swift */; };
		8945465E2684A77700D64E51 /* PostEditorViewController.swift in Sources */ = {isa = PBXBuildFile; fileRef = 8945465D2684A77700D64E51 /* PostEditorViewController.swift */; };
		894546602684A79000D64E51 /* PublishPostViewController.swift in Sources */ = {isa = PBXBuildFile; fileRef = 8945465F2684A79000D64E51 /* PublishPostViewController.swift */; };
		895F2438268CB8660062BB1C /* DatabaseManager.swift in Sources */ = {isa = PBXBuildFile; fileRef = 895F2437268CB8660062BB1C /* DatabaseManager.swift */; };
		895F243A268CB97F0062BB1C /* AuthManager.swift in Sources */ = {isa = PBXBuildFile; fileRef = 895F2439268CB97F0062BB1C /* AuthManager.swift */; };
		895F243C268CB9B90062BB1C /* StorageManager.swift in Sources */ = {isa = PBXBuildFile; fileRef = 895F243B268CB9B90062BB1C /* StorageManager.swift */; };
		89AC4FB3268CB1B900A65DFF /* GoogleService-Info.plist in Resources */ = {isa = PBXBuildFile; fileRef = 89AC4FB2268CB1B900A65DFF /* GoogleService-Info.plist */; };
		89AFE60826989A7B00F10B54 /* PhotoCollectionViewCell.swift in Sources */ = {isa = PBXBuildFile; fileRef = 89AFE60726989A7B00F10B54 /* PhotoCollectionViewCell.swift */; };
		89AFE60A26989AFE00F10B54 /* ProfileInfoHeaderCollectionReusableView.swift in Sources */ = {isa = PBXBuildFile; fileRef = 89AFE60926989AFE00F10B54 /* ProfileInfoHeaderCollectionReusableView.swift */; };
		89AFE60C26989B4000F10B54 /* ProfileTabsCollectionReusableView.swift in Sources */ = {isa = PBXBuildFile; fileRef = 89AFE60B26989B4000F10B54 /* ProfileTabsCollectionReusableView.swift */; };
		89B3FDC2269B955F00875E46 /* UserFollowTableViewCell.swift in Sources */ = {isa = PBXBuildFile; fileRef = 89B3FDC1269B955F00875E46 /* UserFollowTableViewCell.swift */; };
		89E50D5526978C31009D9963 /* IGFeedPostTableViewCell.swift in Sources */ = {isa = PBXBuildFile; fileRef = 89E50D5426978C31009D9963 /* IGFeedPostTableViewCell.swift */; };
		89E50D5826978F48009D9963 /* IGFeedPostHeaderTableViewCell.swift in Sources */ = {isa = PBXBuildFile; fileRef = 89E50D5726978F48009D9963 /* IGFeedPostHeaderTableViewCell.swift */; };
		89E50D5A26978F77009D9963 /* IGFeedPostActionsTableViewCell.swift in Sources */ = {isa = PBXBuildFile; fileRef = 89E50D5926978F77009D9963 /* IGFeedPostActionsTableViewCell.swift */; };
		89E50D5C26978FAD009D9963 /* IGFeedPostGeneralTableViewCell.swift in Sources */ = {isa = PBXBuildFile; fileRef = 89E50D5B26978FAD009D9963 /* IGFeedPostGeneralTableViewCell.swift */; };
		91FC2D895277C4B61E28CB38 /* Pods_InstagramClone.framework in Frameworks */ = {isa = PBXBuildFile; fileRef = 527F909D9E47363E32B6A72A /* Pods_InstagramClone.framework */; };
/* End PBXBuildFile section */

/* Begin PBXFileReference section */
		23C48FF9752C4EAB510F886C /* Pods-InstagramClone.release.xcconfig */ = {isa = PBXFileReference; includeInIndex = 1; lastKnownFileType = text.xcconfig; name = "Pods-InstagramClone.release.xcconfig"; path = "Target Support Files/Pods-InstagramClone/Pods-InstagramClone.release.xcconfig"; sourceTree = "<group>"; };
		527F909D9E47363E32B6A72A /* Pods_InstagramClone.framework */ = {isa = PBXFileReference; explicitFileType = wrapper.framework; includeInIndex = 0; path = Pods_InstagramClone.framework; sourceTree = BUILT_PRODUCTS_DIR; };
		5C2D2C06F2948A09182A2600 /* Pods-InstagramClone.debug.xcconfig */ = {isa = PBXFileReference; includeInIndex = 1; lastKnownFileType = text.xcconfig; name = "Pods-InstagramClone.debug.xcconfig"; path = "Target Support Files/Pods-InstagramClone/Pods-InstagramClone.debug.xcconfig"; sourceTree = "<group>"; };
		8921FE45268CC0B200BF86D8 /* Extensions.swift */ = {isa = PBXFileReference; lastKnownFileType = sourcecode.swift; path = Extensions.swift; sourceTree = "<group>"; };
		892D74DF269B19C400155C53 /* Models.swift */ = {isa = PBXFileReference; lastKnownFileType = sourcecode.swift; name = Models.swift; path = "InstagramClone/Views/CollectionView Headers/Models.swift"; sourceTree = SOURCE_ROOT; };
		8941CBAA269840DC0075D3C7 /* FormTableViewCell.swift */ = {isa = PBXFileReference; lastKnownFileType = sourcecode.swift; path = FormTableViewCell.swift; sourceTree = "<group>"; };
		894546262684947300D64E51 /* InstagramClone.app */ = {isa = PBXFileReference; explicitFileType = wrapper.application; includeInIndex = 0; path = InstagramClone.app; sourceTree = BUILT_PRODUCTS_DIR; };
		894546292684947300D64E51 /* AppDelegate.swift */ = {isa = PBXFileReference; lastKnownFileType = sourcecode.swift; path = AppDelegate.swift; sourceTree = "<group>"; };
		8945462B2684947300D64E51 /* SceneDelegate.swift */ = {isa = PBXFileReference; lastKnownFileType = sourcecode.swift; path = SceneDelegate.swift; sourceTree = "<group>"; };
		8945462D2684947300D64E51 /* HomeViewController.swift */ = {isa = PBXFileReference; lastKnownFileType = sourcecode.swift; path = HomeViewController.swift; sourceTree = "<group>"; };
		894546302684947300D64E51 /* Base */ = {isa = PBXFileReference; lastKnownFileType = file.storyboard; name = Base; path = Base.lproj/Main.storyboard; sourceTree = "<group>"; };
		894546322684947400D64E51 /* Assets.xcassets */ = {isa = PBXFileReference; lastKnownFileType = folder.assetcatalog; path = Assets.xcassets; sourceTree = "<group>"; };
		894546352684947400D64E51 /* Base */ = {isa = PBXFileReference; lastKnownFileType = file.storyboard; name = Base; path = Base.lproj/LaunchScreen.storyboard; sourceTree = "<group>"; };
		894546372684947400D64E51 /* Info.plist */ = {isa = PBXFileReference; lastKnownFileType = text.plist.xml; path = Info.plist; sourceTree = "<group>"; };
		8945464126849DBC00D64E51 /* ExploreViewController.swift */ = {isa = PBXFileReference; lastKnownFileType = sourcecode.swift; path = ExploreViewController.swift; sourceTree = "<group>"; };
		8945464326849DCE00D64E51 /* CameraViewController.swift */ = {isa = PBXFileReference; lastKnownFileType = sourcecode.swift; path = CameraViewController.swift; sourceTree = "<group>"; };
		8945464526849E0700D64E51 /* NotificationsViewController.swift */ = {isa = PBXFileReference; lastKnownFileType = sourcecode.swift; path = NotificationsViewController.swift; sourceTree = "<group>"; };
		8945464726849E1700D64E51 /* ProfileViewController.swift */ = {isa = PBXFileReference; lastKnownFileType = sourcecode.swift; path = ProfileViewController.swift; sourceTree = "<group>"; };
		8945464D26849F2300D64E51 /* LoginViewController.swift */ = {isa = PBXFileReference; lastKnownFileType = sourcecode.swift; path = LoginViewController.swift; sourceTree = "<group>"; };
		8945464F26849F3A00D64E51 /* RegistirationViewController.swift */ = {isa = PBXFileReference; lastKnownFileType = sourcecode.swift; path = RegistirationViewController.swift; sourceTree = "<group>"; };
		894546512684A60100D64E51 /* PostViewController.swift */ = {isa = PBXFileReference; lastKnownFileType = sourcecode.swift; path = PostViewController.swift; sourceTree = "<group>"; };
		894546532684A6DE00D64E51 /* EditProfileViewController.swift */ = {isa = PBXFileReference; lastKnownFileType = sourcecode.swift; path = EditProfileViewController.swift; sourceTree = "<group>"; };
		894546552684A6F500D64E51 /* SettingsViewController.swift */ = {isa = PBXFileReference; lastKnownFileType = sourcecode.swift; path = SettingsViewController.swift; sourceTree = "<group>"; };
		894546572684A71700D64E51 /* ListViewController.swift */ = {isa = PBXFileReference; lastKnownFileType = sourcecode.swift; path = ListViewController.swift; sourceTree = "<group>"; };
		894546592684A73600D64E51 /* SearchViewController.swift */ = {isa = PBXFileReference; lastKnownFileType = sourcecode.swift; path = SearchViewController.swift; sourceTree = "<group>"; };
		8945465B2684A74B00D64E51 /* SearchResultViewController.swift */ = {isa = PBXFileReference; lastKnownFileType = sourcecode.swift; path = SearchResultViewController.swift; sourceTree = "<group>"; };
		8945465D2684A77700D64E51 /* PostEditorViewController.swift */ = {isa = PBXFileReference; lastKnownFileType = sourcecode.swift; path = PostEditorViewController.swift; sourceTree = "<group>"; };
		8945465F2684A79000D64E51 /* PublishPostViewController.swift */ = {isa = PBXFileReference; lastKnownFileType = sourcecode.swift; path = PublishPostViewController.swift; sourceTree = "<group>"; };
		895F2437268CB8660062BB1C /* DatabaseManager.swift */ = {isa = PBXFileReference; lastKnownFileType = sourcecode.swift; path = DatabaseManager.swift; sourceTree = "<group>"; };
		895F2439268CB97F0062BB1C /* AuthManager.swift */ = {isa = PBXFileReference; lastKnownFileType = sourcecode.swift; path = AuthManager.swift; sourceTree = "<group>"; };
		895F243B268CB9B90062BB1C /* StorageManager.swift */ = {isa = PBXFileReference; lastKnownFileType = sourcecode.swift; path = StorageManager.swift; sourceTree = "<group>"; };
		89AC4FB2268CB1B900A65DFF /* GoogleService-Info.plist */ = {isa = PBXFileReference; fileEncoding = 4; lastKnownFileType = text.plist.xml; path = "GoogleService-Info.plist"; sourceTree = "<group>"; };
		89AFE60726989A7B00F10B54 /* PhotoCollectionViewCell.swift */ = {isa = PBXFileReference; lastKnownFileType = sourcecode.swift; path = PhotoCollectionViewCell.swift; sourceTree = "<group>"; };
		89AFE60926989AFE00F10B54 /* ProfileInfoHeaderCollectionReusableView.swift */ = {isa = PBXFileReference; lastKnownFileType = sourcecode.swift; path = ProfileInfoHeaderCollectionReusableView.swift; sourceTree = "<group>"; };
		89AFE60B26989B4000F10B54 /* ProfileTabsCollectionReusableView.swift */ = {isa = PBXFileReference; lastKnownFileType = sourcecode.swift; path = ProfileTabsCollectionReusableView.swift; sourceTree = "<group>"; };
		89B3FDC1269B955F00875E46 /* UserFollowTableViewCell.swift */ = {isa = PBXFileReference; lastKnownFileType = sourcecode.swift; path = UserFollowTableViewCell.swift; sourceTree = "<group>"; };
		89E50D5426978C31009D9963 /* IGFeedPostTableViewCell.swift */ = {isa = PBXFileReference; lastKnownFileType = sourcecode.swift; path = IGFeedPostTableViewCell.swift; sourceTree = "<group>"; };
		89E50D5726978F48009D9963 /* IGFeedPostHeaderTableViewCell.swift */ = {isa = PBXFileReference; lastKnownFileType = sourcecode.swift; path = IGFeedPostHeaderTableViewCell.swift; sourceTree = "<group>"; };
		89E50D5926978F77009D9963 /* IGFeedPostActionsTableViewCell.swift */ = {isa = PBXFileReference; lastKnownFileType = sourcecode.swift; path = IGFeedPostActionsTableViewCell.swift; sourceTree = "<group>"; };
		89E50D5B26978FAD009D9963 /* IGFeedPostGeneralTableViewCell.swift */ = {isa = PBXFileReference; lastKnownFileType = sourcecode.swift; path = IGFeedPostGeneralTableViewCell.swift; sourceTree = "<group>"; };
/* End PBXFileReference section */

/* Begin PBXFrameworksBuildPhase section */
		894546232684947300D64E51 /* Frameworks */ = {
			isa = PBXFrameworksBuildPhase;
			buildActionMask = 2147483647;
			files = (
				91FC2D895277C4B61E28CB38 /* Pods_InstagramClone.framework in Frameworks */,
			);
			runOnlyForDeploymentPostprocessing = 0;
		};
/* End PBXFrameworksBuildPhase section */

/* Begin PBXGroup section */
		8921FE47268CC91000BF86D8 /* Storyboards */ = {
			isa = PBXGroup;
			children = (
				8945462F2684947300D64E51 /* Main.storyboard */,
				894546342684947400D64E51 /* LaunchScreen.storyboard */,
			);
			path = Storyboards;
			sourceTree = "<group>";
		};
		8945461D2684947300D64E51 = {
			isa = PBXGroup;
			children = (
				894546282684947300D64E51 /* InstagramClone */,
				894546272684947300D64E51 /* Products */,
				D76625A9106EB9F4EF9773D7 /* Pods */,
				C3735AF9FEB45614FE0EA343 /* Frameworks */,
			);
			sourceTree = "<group>";
		};
		894546272684947300D64E51 /* Products */ = {
			isa = PBXGroup;
			children = (
				894546262684947300D64E51 /* InstagramClone.app */,
			);
			name = Products;
			sourceTree = "<group>";
		};
		894546282684947300D64E51 /* InstagramClone */ = {
			isa = PBXGroup;
			children = (
				89AC4FB2268CB1B900A65DFF /* GoogleService-Info.plist */,
				8945464926849E7C00D64E51 /* Controllers */,
				89454640268494B900D64E51 /* Resources */,
				8945463F268494A500D64E51 /* ViewModels */,
				8945463E2684949F00D64E51 /* Views */,
				8945463D2684949500D64E51 /* Models */,
				894546372684947400D64E51 /* Info.plist */,
			);
			path = InstagramClone;
			sourceTree = "<group>";
		};
		8945463D2684949500D64E51 /* Models */ = {
			isa = PBXGroup;
			children = (
				892D74DF269B19C400155C53 /* Models.swift */,
			);
			path = Models;
			sourceTree = "<group>";
		};
		8945463E2684949F00D64E51 /* Views */ = {
			isa = PBXGroup;
			children = (
				89AFE60626989A2500F10B54 /* CollectionView Headers */,
				89E50D5326978BF0009D9963 /* Cells */,
				8921FE47268CC91000BF86D8 /* Storyboards */,
				894546322684947400D64E51 /* Assets.xcassets */,
			);
			path = Views;
			sourceTree = "<group>";
		};
		8945463F268494A500D64E51 /* ViewModels */ = {
			isa = PBXGroup;
			children = (
			);
			path = ViewModels;
			sourceTree = "<group>";
		};
		89454640268494B900D64E51 /* Resources */ = {
			isa = PBXGroup;
			children = (
				894546292684947300D64E51 /* AppDelegate.swift */,
				8945462B2684947300D64E51 /* SceneDelegate.swift */,
				895F2437268CB8660062BB1C /* DatabaseManager.swift */,
				895F2439268CB97F0062BB1C /* AuthManager.swift */,
				895F243B268CB9B90062BB1C /* StorageManager.swift */,
				8921FE45268CC0B200BF86D8 /* Extensions.swift */,
			);
			path = Resources;
			sourceTree = "<group>";
		};
		8945464926849E7C00D64E51 /* Controllers */ = {
			isa = PBXGroup;
			children = (
				8945464B26849EC100D64E51 /* Others */,
				8945464A26849EB100D64E51 /* Core Tabs */,
			);
			path = Controllers;
			sourceTree = "<group>";
		};
		8945464A26849EB100D64E51 /* Core Tabs */ = {
			isa = PBXGroup;
			children = (
				8945462D2684947300D64E51 /* HomeViewController.swift */,
				8945464126849DBC00D64E51 /* ExploreViewController.swift */,
				8945464326849DCE00D64E51 /* CameraViewController.swift */,
				8945464526849E0700D64E51 /* NotificationsViewController.swift */,
				8945464726849E1700D64E51 /* ProfileViewController.swift */,
			);
			path = "Core Tabs";
			sourceTree = "<group>";
		};
		8945464B26849EC100D64E51 /* Others */ = {
			isa = PBXGroup;
			children = (
				8945464C26849F0E00D64E51 /* Onboarding */,
				895F2436268CB70C0062BB1C /* General */,
			);
			path = Others;
			sourceTree = "<group>";
		};
		8945464C26849F0E00D64E51 /* Onboarding */ = {
			isa = PBXGroup;
			children = (
				8945464D26849F2300D64E51 /* LoginViewController.swift */,
				8945464F26849F3A00D64E51 /* RegistirationViewController.swift */,
			);
			path = Onboarding;
			sourceTree = "<group>";
		};
		895F2436268CB70C0062BB1C /* General */ = {
			isa = PBXGroup;
			children = (
				894546512684A60100D64E51 /* PostViewController.swift */,
				894546532684A6DE00D64E51 /* EditProfileViewController.swift */,
				894546552684A6F500D64E51 /* SettingsViewController.swift */,
				894546572684A71700D64E51 /* ListViewController.swift */,
				894546592684A73600D64E51 /* SearchViewController.swift */,
				8945465B2684A74B00D64E51 /* SearchResultViewController.swift */,
				8945465D2684A77700D64E51 /* PostEditorViewController.swift */,
				8945465F2684A79000D64E51 /* PublishPostViewController.swift */,
			);
			path = General;
			sourceTree = "<group>";
		};
		89AFE60626989A2500F10B54 /* CollectionView Headers */ = {
			isa = PBXGroup;
			children = (
				89AFE60926989AFE00F10B54 /* ProfileInfoHeaderCollectionReusableView.swift */,
				89AFE60B26989B4000F10B54 /* ProfileTabsCollectionReusableView.swift */,
			);
			path = "CollectionView Headers";
			sourceTree = "<group>";
		};
		89E50D5326978BF0009D9963 /* Cells */ = {
			isa = PBXGroup;
			children = (
				89E50D5626978EFB009D9963 /* Home Feed */,
				8941CBAA269840DC0075D3C7 /* FormTableViewCell.swift */,
				89AFE60726989A7B00F10B54 /* PhotoCollectionViewCell.swift */,
				89B3FDC1269B955F00875E46 /* UserFollowTableViewCell.swift */,
			);
			path = Cells;
			sourceTree = "<group>";
		};
		89E50D5626978EFB009D9963 /* Home Feed */ = {
			isa = PBXGroup;
			children = (
				89E50D5426978C31009D9963 /* IGFeedPostTableViewCell.swift */,
				89E50D5726978F48009D9963 /* IGFeedPostHeaderTableViewCell.swift */,
				89E50D5926978F77009D9963 /* IGFeedPostActionsTableViewCell.swift */,
				89E50D5B26978FAD009D9963 /* IGFeedPostGeneralTableViewCell.swift */,
			);
			path = "Home Feed";
			sourceTree = "<group>";
		};
		C3735AF9FEB45614FE0EA343 /* Frameworks */ = {
			isa = PBXGroup;
			children = (
				527F909D9E47363E32B6A72A /* Pods_InstagramClone.framework */,
			);
			name = Frameworks;
			sourceTree = "<group>";
		};
		D76625A9106EB9F4EF9773D7 /* Pods */ = {
			isa = PBXGroup;
			children = (
				5C2D2C06F2948A09182A2600 /* Pods-InstagramClone.debug.xcconfig */,
				23C48FF9752C4EAB510F886C /* Pods-InstagramClone.release.xcconfig */,
			);
			path = Pods;
			sourceTree = "<group>";
		};
/* End PBXGroup section */

/* Begin PBXNativeTarget section */
		894546252684947300D64E51 /* InstagramClone */ = {
			isa = PBXNativeTarget;
			buildConfigurationList = 8945463A2684947400D64E51 /* Build configuration list for PBXNativeTarget "InstagramClone" */;
			buildPhases = (
				B8A64F28545B7482C4FC98BD /* [CP] Check Pods Manifest.lock */,
				894546222684947300D64E51 /* Sources */,
				894546232684947300D64E51 /* Frameworks */,
				894546242684947300D64E51 /* Resources */,
				FB945C4E69855B5CBE76BD6E /* [CP] Embed Pods Frameworks */,
			);
			buildRules = (
			);
			dependencies = (
			);
			name = InstagramClone;
			productName = InstagramClone;
			productReference = 894546262684947300D64E51 /* InstagramClone.app */;
			productType = "com.apple.product-type.application";
		};
/* End PBXNativeTarget section */

/* Begin PBXProject section */
		8945461E2684947300D64E51 /* Project object */ = {
			isa = PBXProject;
			attributes = {
				LastSwiftUpdateCheck = 1250;
				LastUpgradeCheck = 1250;
				TargetAttributes = {
					894546252684947300D64E51 = {
						CreatedOnToolsVersion = 12.5;
					};
				};
			};
			buildConfigurationList = 894546212684947300D64E51 /* Build configuration list for PBXProject "InstagramClone" */;
			compatibilityVersion = "Xcode 9.3";
			developmentRegion = en;
			hasScannedForEncodings = 0;
			knownRegions = (
				en,
				Base,
			);
			mainGroup = 8945461D2684947300D64E51;
			productRefGroup = 894546272684947300D64E51 /* Products */;
			projectDirPath = "";
			projectRoot = "";
			targets = (
				894546252684947300D64E51 /* InstagramClone */,
			);
		};
/* End PBXProject section */

/* Begin PBXResourcesBuildPhase section */
		894546242684947300D64E51 /* Resources */ = {
			isa = PBXResourcesBuildPhase;
			buildActionMask = 2147483647;
			files = (
				894546362684947400D64E51 /* LaunchScreen.storyboard in Resources */,
				89AC4FB3268CB1B900A65DFF /* GoogleService-Info.plist in Resources */,
				894546332684947400D64E51 /* Assets.xcassets in Resources */,
				894546312684947300D64E51 /* Main.storyboard in Resources */,
			);
			runOnlyForDeploymentPostprocessing = 0;
		};
/* End PBXResourcesBuildPhase section */

/* Begin PBXShellScriptBuildPhase section */
		B8A64F28545B7482C4FC98BD /* [CP] Check Pods Manifest.lock */ = {
			isa = PBXShellScriptBuildPhase;
			buildActionMask = 2147483647;
			files = (
			);
			inputFileListPaths = (
			);
			inputPaths = (
				"${PODS_PODFILE_DIR_PATH}/Podfile.lock",
				"${PODS_ROOT}/Manifest.lock",
			);
			name = "[CP] Check Pods Manifest.lock";
			outputFileListPaths = (
			);
			outputPaths = (
				"$(DERIVED_FILE_DIR)/Pods-InstagramClone-checkManifestLockResult.txt",
			);
			runOnlyForDeploymentPostprocessing = 0;
			shellPath = /bin/sh;
			shellScript = "diff \"${PODS_PODFILE_DIR_PATH}/Podfile.lock\" \"${PODS_ROOT}/Manifest.lock\" > /dev/null\nif [ $? != 0 ] ; then\n    # print error to STDERR\n    echo \"error: The sandbox is not in sync with the Podfile.lock. Run 'pod install' or update your CocoaPods installation.\" >&2\n    exit 1\nfi\n# This output is used by Xcode 'outputs' to avoid re-running this script phase.\necho \"SUCCESS\" > \"${SCRIPT_OUTPUT_FILE_0}\"\n";
			showEnvVarsInLog = 0;
		};
		FB945C4E69855B5CBE76BD6E /* [CP] Embed Pods Frameworks */ = {
			isa = PBXShellScriptBuildPhase;
			buildActionMask = 2147483647;
			files = (
			);
			inputFileListPaths = (
				"${PODS_ROOT}/Target Support Files/Pods-InstagramClone/Pods-InstagramClone-frameworks-${CONFIGURATION}-input-files.xcfilelist",
			);
			name = "[CP] Embed Pods Frameworks";
			outputFileListPaths = (
				"${PODS_ROOT}/Target Support Files/Pods-InstagramClone/Pods-InstagramClone-frameworks-${CONFIGURATION}-output-files.xcfilelist",
			);
			runOnlyForDeploymentPostprocessing = 0;
			shellPath = /bin/sh;
			shellScript = "\"${PODS_ROOT}/Target Support Files/Pods-InstagramClone/Pods-InstagramClone-frameworks.sh\"\n";
			showEnvVarsInLog = 0;
		};
/* End PBXShellScriptBuildPhase section */

/* Begin PBXSourcesBuildPhase section */
		894546222684947300D64E51 /* Sources */ = {
			isa = PBXSourcesBuildPhase;
			buildActionMask = 2147483647;
			files = (
				894546542684A6DE00D64E51 /* EditProfileViewController.swift in Sources */,
				8945464226849DBC00D64E51 /* ExploreViewController.swift in Sources */,
				894546602684A79000D64E51 /* PublishPostViewController.swift in Sources */,
				8945464426849DCE00D64E51 /* CameraViewController.swift in Sources */,
				8945465026849F3A00D64E51 /* RegistirationViewController.swift in Sources */,
				8945462E2684947300D64E51 /* HomeViewController.swift in Sources */,
				89E50D5826978F48009D9963 /* IGFeedPostHeaderTableViewCell.swift in Sources */,
				8945465E2684A77700D64E51 /* PostEditorViewController.swift in Sources */,
				895F243C268CB9B90062BB1C /* StorageManager.swift in Sources */,
				89B3FDC2269B955F00875E46 /* UserFollowTableViewCell.swift in Sources */,
				892D74E0269B19C400155C53 /* Models.swift in Sources */,
				8941CBAB269840DC0075D3C7 /* FormTableViewCell.swift in Sources */,
				894546522684A60100D64E51 /* PostViewController.swift in Sources */,
				89AFE60C26989B4000F10B54 /* ProfileTabsCollectionReusableView.swift in Sources */,
				895F2438268CB8660062BB1C /* DatabaseManager.swift in Sources */,
				8945464626849E0700D64E51 /* NotificationsViewController.swift in Sources */,
				89E50D5526978C31009D9963 /* IGFeedPostTableViewCell.swift in Sources */,
				89AFE60826989A7B00F10B54 /* PhotoCollectionViewCell.swift in Sources */,
				8945465C2684A74B00D64E51 /* SearchResultViewController.swift in Sources */,
				8945464E26849F2300D64E51 /* LoginViewController.swift in Sources */,
				8921FE46268CC0B200BF86D8 /* Extensions.swift in Sources */,
				89E50D5C26978FAD009D9963 /* IGFeedPostGeneralTableViewCell.swift in Sources */,
				8945465A2684A73600D64E51 /* SearchViewController.swift in Sources */,
				89AFE60A26989AFE00F10B54 /* ProfileInfoHeaderCollectionReusableView.swift in Sources */,
				8945464826849E1700D64E51 /* ProfileViewController.swift in Sources */,
				895F243A268CB97F0062BB1C /* AuthManager.swift in Sources */,
				8945462A2684947300D64E51 /* AppDelegate.swift in Sources */,
				8945462C2684947300D64E51 /* SceneDelegate.swift in Sources */,
				89E50D5A26978F77009D9963 /* IGFeedPostActionsTableViewCell.swift in Sources */,
				894546582684A71700D64E51 /* ListViewController.swift in Sources */,
				894546562684A6F500D64E51 /* SettingsViewController.swift in Sources */,
			);
			runOnlyForDeploymentPostprocessing = 0;
		};
/* End PBXSourcesBuildPhase section */

/* Begin PBXVariantGroup section */
		8945462F2684947300D64E51 /* Main.storyboard */ = {
			isa = PBXVariantGroup;
			children = (
				894546302684947300D64E51 /* Base */,
			);
			name = Main.storyboard;
			sourceTree = "<group>";
		};
		894546342684947400D64E51 /* LaunchScreen.storyboard */ = {
			isa = PBXVariantGroup;
			children = (
				894546352684947400D64E51 /* Base */,
			);
			name = LaunchScreen.storyboard;
			sourceTree = "<group>";
		};
/* End PBXVariantGroup section */

/* Begin XCBuildConfiguration section */
		894546382684947400D64E51 /* Debug */ = {
			isa = XCBuildConfiguration;
			buildSettings = {
				ALWAYS_SEARCH_USER_PATHS = NO;
				CLANG_ANALYZER_NONNULL = YES;
				CLANG_ANALYZER_NUMBER_OBJECT_CONVERSION = YES_AGGRESSIVE;
				CLANG_CXX_LANGUAGE_STANDARD = "gnu++14";
				CLANG_CXX_LIBRARY = "libc++";
				CLANG_ENABLE_MODULES = YES;
				CLANG_ENABLE_OBJC_ARC = YES;
				CLANG_ENABLE_OBJC_WEAK = YES;
				CLANG_WARN_BLOCK_CAPTURE_AUTORELEASING = YES;
				CLANG_WARN_BOOL_CONVERSION = YES;
				CLANG_WARN_COMMA = YES;
				CLANG_WARN_CONSTANT_CONVERSION = YES;
				CLANG_WARN_DEPRECATED_OBJC_IMPLEMENTATIONS = YES;
				CLANG_WARN_DIRECT_OBJC_ISA_USAGE = YES_ERROR;
				CLANG_WARN_DOCUMENTATION_COMMENTS = YES;
				CLANG_WARN_EMPTY_BODY = YES;
				CLANG_WARN_ENUM_CONVERSION = YES;
				CLANG_WARN_INFINITE_RECURSION = YES;
				CLANG_WARN_INT_CONVERSION = YES;
				CLANG_WARN_NON_LITERAL_NULL_CONVERSION = YES;
				CLANG_WARN_OBJC_IMPLICIT_RETAIN_SELF = YES;
				CLANG_WARN_OBJC_LITERAL_CONVERSION = YES;
				CLANG_WARN_OBJC_ROOT_CLASS = YES_ERROR;
				CLANG_WARN_QUOTED_INCLUDE_IN_FRAMEWORK_HEADER = YES;
				CLANG_WARN_RANGE_LOOP_ANALYSIS = YES;
				CLANG_WARN_STRICT_PROTOTYPES = YES;
				CLANG_WARN_SUSPICIOUS_MOVE = YES;
				CLANG_WARN_UNGUARDED_AVAILABILITY = YES_AGGRESSIVE;
				CLANG_WARN_UNREACHABLE_CODE = YES;
				CLANG_WARN__DUPLICATE_METHOD_MATCH = YES;
				COPY_PHASE_STRIP = NO;
				DEBUG_INFORMATION_FORMAT = dwarf;
				ENABLE_STRICT_OBJC_MSGSEND = YES;
				ENABLE_TESTABILITY = YES;
				GCC_C_LANGUAGE_STANDARD = gnu11;
				GCC_DYNAMIC_NO_PIC = NO;
				GCC_NO_COMMON_BLOCKS = YES;
				GCC_OPTIMIZATION_LEVEL = 0;
				GCC_PREPROCESSOR_DEFINITIONS = (
					"DEBUG=1",
					"$(inherited)",
				);
				GCC_WARN_64_TO_32_BIT_CONVERSION = YES;
				GCC_WARN_ABOUT_RETURN_TYPE = YES_ERROR;
				GCC_WARN_UNDECLARED_SELECTOR = YES;
				GCC_WARN_UNINITIALIZED_AUTOS = YES_AGGRESSIVE;
				GCC_WARN_UNUSED_FUNCTION = YES;
				GCC_WARN_UNUSED_VARIABLE = YES;
				IPHONEOS_DEPLOYMENT_TARGET = 14.5;
				MTL_ENABLE_DEBUG_INFO = INCLUDE_SOURCE;
				MTL_FAST_MATH = YES;
				ONLY_ACTIVE_ARCH = YES;
				SDKROOT = iphoneos;
				SWIFT_ACTIVE_COMPILATION_CONDITIONS = DEBUG;
				SWIFT_OPTIMIZATION_LEVEL = "-Onone";
			};
			name = Debug;
		};
		894546392684947400D64E51 /* Release */ = {
			isa = XCBuildConfiguration;
			buildSettings = {
				ALWAYS_SEARCH_USER_PATHS = NO;
				CLANG_ANALYZER_NONNULL = YES;
				CLANG_ANALYZER_NUMBER_OBJECT_CONVERSION = YES_AGGRESSIVE;
				CLANG_CXX_LANGUAGE_STANDARD = "gnu++14";
				CLANG_CXX_LIBRARY = "libc++";
				CLANG_ENABLE_MODULES = YES;
				CLANG_ENABLE_OBJC_ARC = YES;
				CLANG_ENABLE_OBJC_WEAK = YES;
				CLANG_WARN_BLOCK_CAPTURE_AUTORELEASING = YES;
				CLANG_WARN_BOOL_CONVERSION = YES;
				CLANG_WARN_COMMA = YES;
				CLANG_WARN_CONSTANT_CONVERSION = YES;
				CLANG_WARN_DEPRECATED_OBJC_IMPLEMENTATIONS = YES;
				CLANG_WARN_DIRECT_OBJC_ISA_USAGE = YES_ERROR;
				CLANG_WARN_DOCUMENTATION_COMMENTS = YES;
				CLANG_WARN_EMPTY_BODY = YES;
				CLANG_WARN_ENUM_CONVERSION = YES;
				CLANG_WARN_INFINITE_RECURSION = YES;
				CLANG_WARN_INT_CONVERSION = YES;
				CLANG_WARN_NON_LITERAL_NULL_CONVERSION = YES;
				CLANG_WARN_OBJC_IMPLICIT_RETAIN_SELF = YES;
				CLANG_WARN_OBJC_LITERAL_CONVERSION = YES;
				CLANG_WARN_OBJC_ROOT_CLASS = YES_ERROR;
				CLANG_WARN_QUOTED_INCLUDE_IN_FRAMEWORK_HEADER = YES;
				CLANG_WARN_RANGE_LOOP_ANALYSIS = YES;
				CLANG_WARN_STRICT_PROTOTYPES = YES;
				CLANG_WARN_SUSPICIOUS_MOVE = YES;
				CLANG_WARN_UNGUARDED_AVAILABILITY = YES_AGGRESSIVE;
				CLANG_WARN_UNREACHABLE_CODE = YES;
				CLANG_WARN__DUPLICATE_METHOD_MATCH = YES;
				COPY_PHASE_STRIP = NO;
				DEBUG_INFORMATION_FORMAT = "dwarf-with-dsym";
				ENABLE_NS_ASSERTIONS = NO;
				ENABLE_STRICT_OBJC_MSGSEND = YES;
				GCC_C_LANGUAGE_STANDARD = gnu11;
				GCC_NO_COMMON_BLOCKS = YES;
				GCC_WARN_64_TO_32_BIT_CONVERSION = YES;
				GCC_WARN_ABOUT_RETURN_TYPE = YES_ERROR;
				GCC_WARN_UNDECLARED_SELECTOR = YES;
				GCC_WARN_UNINITIALIZED_AUTOS = YES_AGGRESSIVE;
				GCC_WARN_UNUSED_FUNCTION = YES;
				GCC_WARN_UNUSED_VARIABLE = YES;
				IPHONEOS_DEPLOYMENT_TARGET = 14.5;
				MTL_ENABLE_DEBUG_INFO = NO;
				MTL_FAST_MATH = YES;
				SDKROOT = iphoneos;
				SWIFT_COMPILATION_MODE = wholemodule;
				SWIFT_OPTIMIZATION_LEVEL = "-O";
				VALIDATE_PRODUCT = YES;
			};
			name = Release;
		};
		8945463B2684947400D64E51 /* Debug */ = {
			isa = XCBuildConfiguration;
			baseConfigurationReference = 5C2D2C06F2948A09182A2600 /* Pods-InstagramClone.debug.xcconfig */;
			buildSettings = {
				ASSETCATALOG_COMPILER_APPICON_NAME = AppIcon;
				ASSETCATALOG_COMPILER_GLOBAL_ACCENT_COLOR_NAME = AccentColor;
				CODE_SIGN_STYLE = Automatic;
				DEVELOPMENT_TEAM = AH289C9P87;
				INFOPLIST_FILE = InstagramClone/Info.plist;
				IPHONEOS_DEPLOYMENT_TARGET = 13.0;
				LD_RUNPATH_SEARCH_PATHS = (
					"$(inherited)",
					"@executable_path/Frameworks",
				);
				PRODUCT_BUNDLE_IDENTIFIER = com.enessirkecioglu.InstagramClone;
				PRODUCT_NAME = "$(TARGET_NAME)";
				SWIFT_VERSION = 5.0;
				TARGETED_DEVICE_FAMILY = "1,2";
			};
			name = Debug;
		};
		8945463C2684947400D64E51 /* Release */ = {
			isa = XCBuildConfiguration;
			baseConfigurationReference = 23C48FF9752C4EAB510F886C /* Pods-InstagramClone.release.xcconfig */;
			buildSettings = {
				ASSETCATALOG_COMPILER_APPICON_NAME = AppIcon;
				ASSETCATALOG_COMPILER_GLOBAL_ACCENT_COLOR_NAME = AccentColor;
				CODE_SIGN_STYLE = Automatic;
				DEVELOPMENT_TEAM = AH289C9P87;
				INFOPLIST_FILE = InstagramClone/Info.plist;
				IPHONEOS_DEPLOYMENT_TARGET = 13.0;
				LD_RUNPATH_SEARCH_PATHS = (
					"$(inherited)",
					"@executable_path/Frameworks",
				);
				PRODUCT_BUNDLE_IDENTIFIER = com.enessirkecioglu.InstagramClone;
				PRODUCT_NAME = "$(TARGET_NAME)";
				SWIFT_VERSION = 5.0;
				TARGETED_DEVICE_FAMILY = "1,2";
			};
			name = Release;
		};
/* End XCBuildConfiguration section */

/* Begin XCConfigurationList section */
		894546212684947300D64E51 /* Build configuration list for PBXProject "InstagramClone" */ = {
			isa = XCConfigurationList;
			buildConfigurations = (
				894546382684947400D64E51 /* Debug */,
				894546392684947400D64E51 /* Release */,
			);
			defaultConfigurationIsVisible = 0;
			defaultConfigurationName = Release;
		};
		8945463A2684947400D64E51 /* Build configuration list for PBXNativeTarget "InstagramClone" */ = {
			isa = XCConfigurationList;
			buildConfigurations = (
				8945463B2684947400D64E51 /* Debug */,
				8945463C2684947400D64E51 /* Release */,
			);
			defaultConfigurationIsVisible = 0;
			defaultConfigurationName = Release;
		};
/* End XCConfigurationList section */
	};
	rootObject = 8945461E2684947300D64E51 /* Project object */;
}
